
Microsoft Visual Studio Solution File, Format Version 12.00
# Visual Studio Version 17
VisualStudioVersion = 17.7.34009.444
MinimumVisualStudioVersion = 10.0.40219.1
Project("{FAE04EC0-301F-11D3-BF4B-00C04F79EFBC}") = "MusicAPI", "MusicAPI.csproj", "{418501D4-F2E5-4F15-A4F5-4AD804D8D926}"
EndProject
Global
	GlobalSection(SolutionConfigurationPlatforms) = preSolution
		Debug|Any CPU = Debug|Any CPU
		Release|Any CPU = Release|Any CPU
	EndGlobalSection
	GlobalSection(ProjectConfigurationPlatforms) = postSolution
		{418501D4-F2E5-4F15-A4F5-4AD804D8D926}.Debug|Any CPU.ActiveCfg = Debug|Any CPU
		{418501D4-F2E5-4F15-A4F5-4AD804D8D926}.Debug|Any CPU.Build.0 = Debug|Any CPU
		{418501D4-F2E5-4F15-A4F5-4AD804D8D926}.Release|Any CPU.ActiveCfg = Release|Any CPU
		{418501D4-F2E5-4F15-A4F5-4AD804D8D926}.Release|Any CPU.Build.0 = Release|Any CPU
	EndGlobalSection
	GlobalSection(SolutionProperties) = preSolution
		HideSolutionNode = FALSE
	EndGlobalSection
	GlobalSection(ExtensibilityGlobals) = postSolution
		SolutionGuid = {6A7324B1-6DD7-45E8-A7CF-1EEDEE0A08A4}
	EndGlobalSection
EndGlobal
